// !$*UTF8*$!
{
	archiveVersion = 1;
	classes = {
	};
	objectVersion = 50;
	objects = {

/* Begin PBXBuildFile section */
		7E97E0B824AD93190049D05E /* AppDelegate.swift in Sources */ = {isa = PBXBuildFile; fileRef = 7E97E0B724AD93190049D05E /* AppDelegate.swift */; };
		7E97E0BA24AD93190049D05E /* SceneDelegate.swift in Sources */ = {isa = PBXBuildFile; fileRef = 7E97E0B924AD93190049D05E /* SceneDelegate.swift */; };
		7E97E0BC24AD93190049D05E /* ContactsVC.swift in Sources */ = {isa = PBXBuildFile; fileRef = 7E97E0BB24AD93190049D05E /* ContactsVC.swift */; };
		7E97E0C124AD931B0049D05E /* Assets.xcassets in Resources */ = {isa = PBXBuildFile; fileRef = 7E97E0C024AD931B0049D05E /* Assets.xcassets */; };
		7E97E0C424AD931B0049D05E /* LaunchScreen.storyboard in Resources */ = {isa = PBXBuildFile; fileRef = 7E97E0C224AD931B0049D05E /* LaunchScreen.storyboard */; };
		7E97E0CC24AE61460049D05E /* ContantsCellTableViewCell.swift in Sources */ = {isa = PBXBuildFile; fileRef = 7E97E0CB24AE61460049D05E /* ContantsCellTableViewCell.swift */; };
		7E97E0D124AE63D00049D05E /* ContactsDataBase.xcdatamodeld in Sources */ = {isa = PBXBuildFile; fileRef = 7E97E0CF24AE63D00049D05E /* ContactsDataBase.xcdatamodeld */; };
		7E97E0D724AE64D10049D05E /* CoreDataManager.swift in Sources */ = {isa = PBXBuildFile; fileRef = 7E97E0D624AE64D10049D05E /* CoreDataManager.swift */; };
		7E97E0D924AE6E5D0049D05E /* CreatContactVC.swift in Sources */ = {isa = PBXBuildFile; fileRef = 7E97E0D824AE6E5D0049D05E /* CreatContactVC.swift */; };
/* End PBXBuildFile section */

/* Begin PBXFileReference section */
		7E97E0B424AD93190049D05E /* AddContact.app */ = {isa = PBXFileReference; explicitFileType = wrapper.application; includeInIndex = 0; path = AddContact.app; sourceTree = BUILT_PRODUCTS_DIR; };
		7E97E0B724AD93190049D05E /* AppDelegate.swift */ = {isa = PBXFileReference; lastKnownFileType = sourcecode.swift; path = AppDelegate.swift; sourceTree = "<group>"; };
		7E97E0B924AD93190049D05E /* SceneDelegate.swift */ = {isa = PBXFileReference; lastKnownFileType = sourcecode.swift; path = SceneDelegate.swift; sourceTree = "<group>"; };
		7E97E0BB24AD93190049D05E /* ContactsVC.swift */ = {isa = PBXFileReference; lastKnownFileType = sourcecode.swift; path = ContactsVC.swift; sourceTree = "<group>"; };
		7E97E0C024AD931B0049D05E /* Assets.xcassets */ = {isa = PBXFileReference; lastKnownFileType = folder.assetcatalog; path = Assets.xcassets; sourceTree = "<group>"; };
		7E97E0C324AD931B0049D05E /* Base */ = {isa = PBXFileReference; lastKnownFileType = file.storyboard; name = Base; path = Base.lproj/LaunchScreen.storyboard; sourceTree = "<group>"; };
		7E97E0C524AD931B0049D05E /* Info.plist */ = {isa = PBXFileReference; lastKnownFileType = text.plist.xml; path = Info.plist; sourceTree = "<group>"; };
		7E97E0CB24AE61460049D05E /* ContantsCellTableViewCell.swift */ = {isa = PBXFileReference; lastKnownFileType = sourcecode.swift; path = ContantsCellTableViewCell.swift; sourceTree = "<group>"; };
		7E97E0D024AE63D00049D05E /* Contact.xcdatamodel */ = {isa = PBXFileReference; lastKnownFileType = wrapper.xcdatamodel; path = Contact.xcdatamodel; sourceTree = "<group>"; };
		7E97E0D624AE64D10049D05E /* CoreDataManager.swift */ = {isa = PBXFileReference; lastKnownFileType = sourcecode.swift; path = CoreDataManager.swift; sourceTree = "<group>"; };
		7E97E0D824AE6E5D0049D05E /* CreatContactVC.swift */ = {isa = PBXFileReference; lastKnownFileType = sourcecode.swift; path = CreatContactVC.swift; sourceTree = "<group>"; };
/* End PBXFileReference section */

/* Begin PBXFrameworksBuildPhase section */
		7E97E0B124AD93190049D05E /* Frameworks */ = {
			isa = PBXFrameworksBuildPhase;
			buildActionMask = 2147483647;
			files = (
			);
			runOnlyForDeploymentPostprocessing = 0;
		};
/* End PBXFrameworksBuildPhase section */

/* Begin PBXGroup section */
		7E97E0AB24AD93180049D05E = {
			isa = PBXGroup;
			children = (
				7E97E0B624AD93190049D05E /* AddContact */,
				7E97E0B524AD93190049D05E /* Products */,
			);
			sourceTree = "<group>";
		};
		7E97E0B524AD93190049D05E /* Products */ = {
			isa = PBXGroup;
			children = (
				7E97E0B424AD93190049D05E /* AddContact.app */,
			);
			name = Products;
			sourceTree = "<group>";
		};
		7E97E0B624AD93190049D05E /* AddContact */ = {
			isa = PBXGroup;
			children = (
				7E97E0D524AE64B90049D05E /* Managers */,
				7E97E0D424AE64860049D05E /* Cell */,
				7E97E0D324AE647B0049D05E /* Screen */,
				7E97E0D224AE64640049D05E /* Support */,
				7E97E0C524AD931B0049D05E /* Info.plist */,
				7E97E0CF24AE63D00049D05E /* ContactsDataBase.xcdatamodeld */,
			);
			path = AddContact;
			sourceTree = "<group>";
		};
		7E97E0D224AE64640049D05E /* Support */ = {
			isa = PBXGroup;
			children = (
				7E97E0B724AD93190049D05E /* AppDelegate.swift */,
				7E97E0B924AD93190049D05E /* SceneDelegate.swift */,
				7E97E0C024AD931B0049D05E /* Assets.xcassets */,
				7E97E0C224AD931B0049D05E /* LaunchScreen.storyboard */,
			);
			path = Support;
			sourceTree = "<group>";
		};
		7E97E0D324AE647B0049D05E /* Screen */ = {
			isa = PBXGroup;
			children = (
				7E97E0BB24AD93190049D05E /* ContactsVC.swift */,
				7E97E0D824AE6E5D0049D05E /* CreatContactVC.swift */,
			);
			path = Screen;
			sourceTree = "<group>";
		};
		7E97E0D424AE64860049D05E /* Cell */ = {
			isa = PBXGroup;
			children = (
				7E97E0CB24AE61460049D05E /* ContantsCellTableViewCell.swift */,
			);
			path = Cell;
			sourceTree = "<group>";
		};
		7E97E0D524AE64B90049D05E /* Managers */ = {
			isa = PBXGroup;
			children = (
				7E97E0D624AE64D10049D05E /* CoreDataManager.swift */,
			);
			path = Managers;
			sourceTree = "<group>";
		};
/* End PBXGroup section */

/* Begin PBXNativeTarget section */
		7E97E0B324AD93190049D05E /* AddContact */ = {
			isa = PBXNativeTarget;
			buildConfigurationList = 7E97E0C824AD931B0049D05E /* Build configuration list for PBXNativeTarget "AddContact" */;
			buildPhases = (
				7E97E0B024AD93190049D05E /* Sources */,
				7E97E0B124AD93190049D05E /* Frameworks */,
				7E97E0B224AD93190049D05E /* Resources */,
			);
			buildRules = (
			);
			dependencies = (
			);
			name = AddContact;
			productName = AddContact;
			productReference = 7E97E0B424AD93190049D05E /* AddContact.app */;
			productType = "com.apple.product-type.application";
		};
/* End PBXNativeTarget section */

/* Begin PBXProject section */
		7E97E0AC24AD93180049D05E /* Project object */ = {
			isa = PBXProject;
			attributes = {
				LastSwiftUpdateCheck = 1150;
				LastUpgradeCheck = 1150;
				ORGANIZATIONNAME = ShyngysSaktagan;
				TargetAttributes = {
					7E97E0B324AD93190049D05E = {
						CreatedOnToolsVersion = 11.5;
					};
				};
			};
			buildConfigurationList = 7E97E0AF24AD93180049D05E /* Build configuration list for PBXProject "AddContact" */;
			compatibilityVersion = "Xcode 9.3";
			developmentRegion = en;
			hasScannedForEncodings = 0;
			knownRegions = (
				en,
				Base,
			);
			mainGroup = 7E97E0AB24AD93180049D05E;
			productRefGroup = 7E97E0B524AD93190049D05E /* Products */;
			projectDirPath = "";
			projectRoot = "";
			targets = (
				7E97E0B324AD93190049D05E /* AddContact */,
			);
		};
/* End PBXProject section */

/* Begin PBXResourcesBuildPhase section */
		7E97E0B224AD93190049D05E /* Resources */ = {
			isa = PBXResourcesBuildPhase;
			buildActionMask = 2147483647;
			files = (
				7E97E0C424AD931B0049D05E /* LaunchScreen.storyboard in Resources */,
				7E97E0C124AD931B0049D05E /* Assets.xcassets in Resources */,
			);
			runOnlyForDeploymentPostprocessing = 0;
		};
/* End PBXResourcesBuildPhase section */

/* Begin PBXSourcesBuildPhase section */
		7E97E0B024AD93190049D05E /* Sources */ = {
			isa = PBXSourcesBuildPhase;
			buildActionMask = 2147483647;
			files = (
				7E97E0D724AE64D10049D05E /* CoreDataManager.swift in Sources */,
				7E97E0D924AE6E5D0049D05E /* CreatContactVC.swift in Sources */,
				7E97E0BC24AD93190049D05E /* ContactsVC.swift in Sources */,
				7E97E0D124AE63D00049D05E /* ContactsDataBase.xcdatamodeld in Sources */,
				7E97E0B824AD93190049D05E /* AppDelegate.swift in Sources */,
				7E97E0BA24AD93190049D05E /* SceneDelegate.swift in Sources */,
				7E97E0CC24AE61460049D05E /* ContantsCellTableViewCell.swift in Sources */,
			);
			runOnlyForDeploymentPostprocessing = 0;
		};
/* End PBXSourcesBuildPhase section */

/* Begin PBXVariantGroup section */
		7E97E0C224AD931B0049D05E /* LaunchScreen.storyboard */ = {
			isa = PBXVariantGroup;
			children = (
				7E97E0C324AD931B0049D05E /* Base */,
			);
			name = LaunchScreen.storyboard;
			sourceTree = "<group>";
		};
/* End PBXVariantGroup section */

/* Begin XCBuildConfiguration section */
		7E97E0C624AD931B0049D05E /* Debug */ = {
			isa = XCBuildConfiguration;
			buildSettings = {
				ALWAYS_SEARCH_USER_PATHS = NO;
				CLANG_ANALYZER_NONNULL = YES;
				CLANG_ANALYZER_NUMBER_OBJECT_CONVERSION = YES_AGGRESSIVE;
				CLANG_CXX_LANGUAGE_STANDARD = "gnu++14";
				CLANG_CXX_LIBRARY = "libc++";
				CLANG_ENABLE_MODULES = YES;
				CLANG_ENABLE_OBJC_ARC = YES;
				CLANG_ENABLE_OBJC_WEAK = YES;
				CLANG_WARN_BLOCK_CAPTURE_AUTORELEASING = YES;
				CLANG_WARN_BOOL_CONVERSION = YES;
				CLANG_WARN_COMMA = YES;
				CLANG_WARN_CONSTANT_CONVERSION = YES;
				CLANG_WARN_DEPRECATED_OBJC_IMPLEMENTATIONS = YES;
				CLANG_WARN_DIRECT_OBJC_ISA_USAGE = YES_ERROR;
				CLANG_WARN_DOCUMENTATION_COMMENTS = YES;
				CLANG_WARN_EMPTY_BODY = YES;
				CLANG_WARN_ENUM_CONVERSION = YES;
				CLANG_WARN_INFINITE_RECURSION = YES;
				CLANG_WARN_INT_CONVERSION = YES;
				CLANG_WARN_NON_LITERAL_NULL_CONVERSION = YES;
				CLANG_WARN_OBJC_IMPLICIT_RETAIN_SELF = YES;
				CLANG_WARN_OBJC_LITERAL_CONVERSION = YES;
				CLANG_WARN_OBJC_ROOT_CLASS = YES_ERROR;
				CLANG_WARN_RANGE_LOOP_ANALYSIS = YES;
				CLANG_WARN_STRICT_PROTOTYPES = YES;
				CLANG_WARN_SUSPICIOUS_MOVE = YES;
				CLANG_WARN_UNGUARDED_AVAILABILITY = YES_AGGRESSIVE;
				CLANG_WARN_UNREACHABLE_CODE = YES;
				CLANG_WARN__DUPLICATE_METHOD_MATCH = YES;
				COPY_PHASE_STRIP = NO;
				DEBUG_INFORMATION_FORMAT = dwarf;
				ENABLE_STRICT_OBJC_MSGSEND = YES;
				ENABLE_TESTABILITY = YES;
				GCC_C_LANGUAGE_STANDARD = gnu11;
				GCC_DYNAMIC_NO_PIC = NO;
				GCC_NO_COMMON_BLOCKS = YES;
				GCC_OPTIMIZATION_LEVEL = 0;
				GCC_PREPROCESSOR_DEFINITIONS = (
					"DEBUG=1",
					"$(inherited)",
				);
				GCC_WARN_64_TO_32_BIT_CONVERSION = YES;
				GCC_WARN_ABOUT_RETURN_TYPE = YES_ERROR;
				GCC_WARN_UNDECLARED_SELECTOR = YES;
				GCC_WARN_UNINITIALIZED_AUTOS = YES_AGGRESSIVE;
				GCC_WARN_UNUSED_FUNCTION = YES;
				GCC_WARN_UNUSED_VARIABLE = YES;
				IPHONEOS_DEPLOYMENT_TARGET = 13.5;
				MTL_ENABLE_DEBUG_INFO = INCLUDE_SOURCE;
				MTL_FAST_MATH = YES;
				ONLY_ACTIVE_ARCH = YES;
				SDKROOT = iphoneos;
				SWIFT_ACTIVE_COMPILATION_CONDITIONS = DEBUG;
				SWIFT_OPTIMIZATION_LEVEL = "-Onone";
			};
			name = Debug;
		};
		7E97E0C724AD931B0049D05E /* Release */ = {
			isa = XCBuildConfiguration;
			buildSettings = {
				ALWAYS_SEARCH_USER_PATHS = NO;
				CLANG_ANALYZER_NONNULL = YES;
				CLANG_ANALYZER_NUMBER_OBJECT_CONVERSION = YES_AGGRESSIVE;
				CLANG_CXX_LANGUAGE_STANDARD = "gnu++14";
				CLANG_CXX_LIBRARY = "libc++";
				CLANG_ENABLE_MODULES = YES;
				CLANG_ENABLE_OBJC_ARC = YES;
				CLANG_ENABLE_OBJC_WEAK = YES;
				CLANG_WARN_BLOCK_CAPTURE_AUTORELEASING = YES;
				CLANG_WARN_BOOL_CONVERSION = YES;
				CLANG_WARN_COMMA = YES;
				CLANG_WARN_CONSTANT_CONVERSION = YES;
				CLANG_WARN_DEPRECATED_OBJC_IMPLEMENTATIONS = YES;
				CLANG_WARN_DIRECT_OBJC_ISA_USAGE = YES_ERROR;
				CLANG_WARN_DOCUMENTATION_COMMENTS = YES;
				CLANG_WARN_EMPTY_BODY = YES;
				CLANG_WARN_ENUM_CONVERSION = YES;
				CLANG_WARN_INFINITE_RECURSION = YES;
				CLANG_WARN_INT_CONVERSION = YES;
				CLANG_WARN_NON_LITERAL_NULL_CONVERSION = YES;
				CLANG_WARN_OBJC_IMPLICIT_RETAIN_SELF = YES;
				CLANG_WARN_OBJC_LITERAL_CONVERSION = YES;
				CLANG_WARN_OBJC_ROOT_CLASS = YES_ERROR;
				CLANG_WARN_RANGE_LOOP_ANALYSIS = YES;
				CLANG_WARN_STRICT_PROTOTYPES = YES;
				CLANG_WARN_SUSPICIOUS_MOVE = YES;
				CLANG_WARN_UNGUARDED_AVAILABILITY = YES_AGGRESSIVE;
				CLANG_WARN_UNREACHABLE_CODE = YES;
				CLANG_WARN__DUPLICATE_METHOD_MATCH = YES;
				COPY_PHASE_STRIP = NO;
				DEBUG_INFORMATION_FORMAT = "dwarf-with-dsym";
				ENABLE_NS_ASSERTIONS = NO;
				ENABLE_STRICT_OBJC_MSGSEND = YES;
				GCC_C_LANGUAGE_STANDARD = gnu11;
				GCC_NO_COMMON_BLOCKS = YES;
				GCC_WARN_64_TO_32_BIT_CONVERSION = YES;
				GCC_WARN_ABOUT_RETURN_TYPE = YES_ERROR;
				GCC_WARN_UNDECLARED_SELECTOR = YES;
				GCC_WARN_UNINITIALIZED_AUTOS = YES_AGGRESSIVE;
				GCC_WARN_UNUSED_FUNCTION = YES;
				GCC_WARN_UNUSED_VARIABLE = YES;
				IPHONEOS_DEPLOYMENT_TARGET = 13.5;
				MTL_ENABLE_DEBUG_INFO = NO;
				MTL_FAST_MATH = YES;
				SDKROOT = iphoneos;
				SWIFT_COMPILATION_MODE = wholemodule;
				SWIFT_OPTIMIZATION_LEVEL = "-O";
				VALIDATE_PRODUCT = YES;
			};
			name = Release;
		};
		7E97E0C924AD931B0049D05E /* Debug */ = {
			isa = XCBuildConfiguration;
			buildSettings = {
				ASSETCATALOG_COMPILER_APPICON_NAME = AppIcon;
				CODE_SIGN_STYLE = Automatic;
				INFOPLIST_FILE = AddContact/Info.plist;
				LD_RUNPATH_SEARCH_PATHS = (
					"$(inherited)",
					"@executable_path/Frameworks",
				);
				PRODUCT_BUNDLE_IDENTIFIER = ShyngysSaktagan.AddContact;
				PRODUCT_NAME = "$(TARGET_NAME)";
				SWIFT_VERSION = 5.0;
				TARGETED_DEVICE_FAMILY = "1,2";
			};
			name = Debug;
		};
		7E97E0CA24AD931B0049D05E /* Release */ = {
			isa = XCBuildConfiguration;
			buildSettings = {
				ASSETCATALOG_COMPILER_APPICON_NAME = AppIcon;
				CODE_SIGN_STYLE = Automatic;
				INFOPLIST_FILE = AddContact/Info.plist;
				LD_RUNPATH_SEARCH_PATHS = (
					"$(inherited)",
					"@executable_path/Frameworks",
				);
				PRODUCT_BUNDLE_IDENTIFIER = ShyngysSaktagan.AddContact;
				PRODUCT_NAME = "$(TARGET_NAME)";
				SWIFT_VERSION = 5.0;
				TARGETED_DEVICE_FAMILY = "1,2";
			};
			name = Release;
		};
/* End XCBuildConfiguration section */

/* Begin XCConfigurationList section */
		7E97E0AF24AD93180049D05E /* Build configuration list for PBXProject "AddContact" */ = {
			isa = XCConfigurationList;
			buildConfigurations = (
				7E97E0C624AD931B0049D05E /* Debug */,
				7E97E0C724AD931B0049D05E /* Release */,
			);
			defaultConfigurationIsVisible = 0;
			defaultConfigurationName = Release;
		};
		7E97E0C824AD931B0049D05E /* Build configuration list for PBXNativeTarget "AddContact" */ = {
			isa = XCConfigurationList;
			buildConfigurations = (
				7E97E0C924AD931B0049D05E /* Debug */,
				7E97E0CA24AD931B0049D05E /* Release */,
			);
			defaultConfigurationIsVisible = 0;
			defaultConfigurationName = Release;
		};
/* End XCConfigurationList section */

/* Begin XCVersionGroup section */
		7E97E0CF24AE63D00049D05E /* ContactsDataBase.xcdatamodeld */ = {
			isa = XCVersionGroup;
			children = (
				7E97E0D024AE63D00049D05E /* Contact.xcdatamodel */,
			);
			currentVersion = 7E97E0D024AE63D00049D05E /* Contact.xcdatamodel */;
			path = ContactsDataBase.xcdatamodeld;
			sourceTree = "<group>";
			versionGroupType = wrapper.xcdatamodel;
		};
/* End XCVersionGroup section */
	};
	rootObject = 7E97E0AC24AD93180049D05E /* Project object */;
}
